
Microsoft Visual Studio Solution File, Format Version 12.00
# Visual Studio Version 17
VisualStudioVersion = 17.0.31903.59
MinimumVisualStudioVersion = 10.0.40219.1
Project("{2150E333-8FDC-42A3-9474-1A3956D46DE8}") = "src", "src", "{827E0CD3-B72D-47B6-A68D-7590B98EB39B}"
EndProject
Project("{2150E333-8FDC-42A3-9474-1A3956D46DE8}") = "backend", "backend", "{FE360695-3F2B-1049-3887-35FBB5135923}"
EndProject
Project("{FAE04EC0-301F-11D3-BF4B-00C04F79EFBC}") = "MoneyWay.Domain", "src\backend\MoneyWay.Domain\MoneyWay.Domain.csproj", "{84F8C6FA-83FC-4A8A-A6B9-AB40954F2143}"
EndProject
Project("{FAE04EC0-301F-11D3-BF4B-00C04F79EFBC}") = "MoneyWay.Application", "src\backend\MoneyWay.Application\MoneyWay.Application.csproj", "{9C6ABB59-AD1C-42A3-9AF9-1DD14A0C12C0}"
EndProject
Project("{FAE04EC0-301F-11D3-BF4B-00C04F79EFBC}") = "MoneyWay.Infrastructure", "src\backend\MoneyWay.Infrastructure\MoneyWay.Infrastructure.csproj", "{53BC7359-3E60-4366-ABD0-8B48E6548A8F}"
EndProject
Project("{FAE04EC0-301F-11D3-BF4B-00C04F79EFBC}") = "MoneyWay.Api", "src\backend\MoneyWay.Api\MoneyWay.Api.csproj", "{2FA50C3F-53DF-4A9F-BF37-3656A368A6E2}"
EndProject
Project("{FAE04EC0-301F-11D3-BF4B-00C04F79EFBC}") = "MoneyWay.Worker", "src\backend\MoneyWay.Worker\MoneyWay.Worker.csproj", "{EA618C51-78F3-4719-AAB2-B30E5C4DC327}"
EndProject
Project("{2150E333-8FDC-42A3-9474-1A3956D46DE8}") = "tests", "tests", "{0AB3BF05-4346-4AA6-1389-037BE0695223}"
EndProject
Project("{2150E333-8FDC-42A3-9474-1A3956D46DE8}") = "unit", "unit", "{9D556B49-86D1-93A7-9596-FFAAB74EC556}"
EndProject
Project("{FAE04EC0-301F-11D3-BF4B-00C04F79EFBC}") = "MoneyWay.Domain.UnitTests", "tests\unit\MoneyWay.Domain.UnitTests\MoneyWay.Domain.UnitTests.csproj", "{FB8421B5-A3E1-439E-824E-B4FE7853588A}"
EndProject
Project("{FAE04EC0-301F-11D3-BF4B-00C04F79EFBC}") = "MoneyWay.Application.UnitTests", "tests\unit\MoneyWay.Application.UnitTests\MoneyWay.Application.UnitTests.csproj", "{E8A5E9DE-8E10-4073-8CE7-CF52D125FF67}"
EndProject
Project("{2150E333-8FDC-42A3-9474-1A3956D46DE8}") = "integration", "integration", "{28A6993C-471E-82FE-7D9E-AD3B1EC22BD9}"
EndProject
Project("{FAE04EC0-301F-11D3-BF4B-00C04F79EFBC}") = "MoneyWay.IntegrationTests", "tests\integration\MoneyWay.IntegrationTests\MoneyWay.IntegrationTests.csproj", "{1531F7D5-1E30-4FBF-B34B-B86BF1376F24}"
EndProject
Project("{2150E333-8FDC-42A3-9474-1A3956D46DE8}") = "backtesting", "backtesting", "{7796EA5D-F50E-401E-4957-DB33BD358F53}"
EndProject
Project("{FAE04EC0-301F-11D3-BF4B-00C04F79EFBC}") = "MoneyWay.Backtesting.Tests", "tests\backtesting\MoneyWay.Backtesting.Tests\MoneyWay.Backtesting.Tests.csproj", "{916B1F9A-E792-4F0B-BDEB-A93AC20CEC2D}"
EndProject
Global
	GlobalSection(SolutionConfigurationPlatforms) = preSolution
		Debug|Any CPU = Debug|Any CPU
		Debug|x64 = Debug|x64
		Debug|x86 = Debug|x86
		Release|Any CPU = Release|Any CPU
		Release|x64 = Release|x64
		Release|x86 = Release|x86
	EndGlobalSection
	GlobalSection(ProjectConfigurationPlatforms) = postSolution
		{84F8C6FA-83FC-4A8A-A6B9-AB40954F2143}.Debug|Any CPU.ActiveCfg = Debug|Any CPU
		{84F8C6FA-83FC-4A8A-A6B9-AB40954F2143}.Debug|Any CPU.Build.0 = Debug|Any CPU
		{84F8C6FA-83FC-4A8A-A6B9-AB40954F2143}.Debug|x64.ActiveCfg = Debug|Any CPU
		{84F8C6FA-83FC-4A8A-A6B9-AB40954F2143}.Debug|x64.Build.0 = Debug|Any CPU
		{84F8C6FA-83FC-4A8A-A6B9-AB40954F2143}.Debug|x86.ActiveCfg = Debug|Any CPU
		{84F8C6FA-83FC-4A8A-A6B9-AB40954F2143}.Debug|x86.Build.0 = Debug|Any CPU
		{84F8C6FA-83FC-4A8A-A6B9-AB40954F2143}.Release|Any CPU.ActiveCfg = Release|Any CPU
		{84F8C6FA-83FC-4A8A-A6B9-AB40954F2143}.Release|Any CPU.Build.0 = Release|Any CPU
		{84F8C6FA-83FC-4A8A-A6B9-AB40954F2143}.Release|x64.ActiveCfg = Release|Any CPU
		{84F8C6FA-83FC-4A8A-A6B9-AB40954F2143}.Release|x64.Build.0 = Release|Any CPU
		{84F8C6FA-83FC-4A8A-A6B9-AB40954F2143}.Release|x86.ActiveCfg = Release|Any CPU
		{84F8C6FA-83FC-4A8A-A6B9-AB40954F2143}.Release|x86.Build.0 = Release|Any CPU
		{9C6ABB59-AD1C-42A3-9AF9-1DD14A0C12C0}.Debug|Any CPU.ActiveCfg = Debug|Any CPU
		{9C6ABB59-AD1C-42A3-9AF9-1DD14A0C12C0}.Debug|Any CPU.Build.0 = Debug|Any CPU
		{9C6ABB59-AD1C-42A3-9AF9-1DD14A0C12C0}.Debug|x64.ActiveCfg = Debug|Any CPU
		{9C6ABB59-AD1C-42A3-9AF9-1DD14A0C12C0}.Debug|x64.Build.0 = Debug|Any CPU
		{9C6ABB59-AD1C-42A3-9AF9-1DD14A0C12C0}.Debug|x86.ActiveCfg = Debug|Any CPU
		{9C6ABB59-AD1C-42A3-9AF9-1DD14A0C12C0}.Debug|x86.Build.0 = Debug|Any CPU
		{9C6ABB59-AD1C-42A3-9AF9-1DD14A0C12C0}.Release|Any CPU.ActiveCfg = Release|Any CPU
		{9C6ABB59-AD1C-42A3-9AF9-1DD14A0C12C0}.Release|Any CPU.Build.0 = Release|Any CPU
		{9C6ABB59-AD1C-42A3-9AF9-1DD14A0C12C0}.Release|x64.ActiveCfg = Release|Any CPU
		{9C6ABB59-AD1C-42A3-9AF9-1DD14A0C12C0}.Release|x64.Build.0 = Release|Any CPU
		{9C6ABB59-AD1C-42A3-9AF9-1DD14A0C12C0}.Release|x86.ActiveCfg = Release|Any CPU
		{9C6ABB59-AD1C-42A3-9AF9-1DD14A0C12C0}.Release|x86.Build.0 = Release|Any CPU
		{53BC7359-3E60-4366-ABD0-8B48E6548A8F}.Debug|Any CPU.ActiveCfg = Debug|Any CPU
		{53BC7359-3E60-4366-ABD0-8B48E6548A8F}.Debug|Any CPU.Build.0 = Debug|Any CPU
		{53BC7359-3E60-4366-ABD0-8B48E6548A8F}.Debug|x64.ActiveCfg = Debug|Any CPU
		{53BC7359-3E60-4366-ABD0-8B48E6548A8F}.Debug|x64.Build.0 = Debug|Any CPU
		{53BC7359-3E60-4366-ABD0-8B48E6548A8F}.Debug|x86.ActiveCfg = Debug|Any CPU
		{53BC7359-3E60-4366-ABD0-8B48E6548A8F}.Debug|x86.Build.0 = Debug|Any CPU
		{53BC7359-3E60-4366-ABD0-8B48E6548A8F}.Release|Any CPU.ActiveCfg = Release|Any CPU
		{53BC7359-3E60-4366-ABD0-8B48E6548A8F}.Release|Any CPU.Build.0 = Release|Any CPU
		{53BC7359-3E60-4366-ABD0-8B48E6548A8F}.Release|x64.ActiveCfg = Release|Any CPU
		{53BC7359-3E60-4366-ABD0-8B48E6548A8F}.Release|x64.Build.0 = Release|Any CPU
		{53BC7359-3E60-4366-ABD0-8B48E6548A8F}.Release|x86.ActiveCfg = Release|Any CPU
		{53BC7359-3E60-4366-ABD0-8B48E6548A8F}.Release|x86.Build.0 = Release|Any CPU
		{2FA50C3F-53DF-4A9F-BF37-3656A368A6E2}.Debug|Any CPU.ActiveCfg = Debug|Any CPU
		{2FA50C3F-53DF-4A9F-BF37-3656A368A6E2}.Debug|Any CPU.Build.0 = Debug|Any CPU
		{2FA50C3F-53DF-4A9F-BF37-3656A368A6E2}.Debug|x64.ActiveCfg = Debug|Any CPU
		{2FA50C3F-53DF-4A9F-BF37-3656A368A6E2}.Debug|x64.Build.0 = Debug|Any CPU
		{2FA50C3F-53DF-4A9F-BF37-3656A368A6E2}.Debug|x86.ActiveCfg = Debug|Any CPU
		{2FA50C3F-53DF-4A9F-BF37-3656A368A6E2}.Debug|x86.Build.0 = Debug|Any CPU
		{2FA50C3F-53DF-4A9F-BF37-3656A368A6E2}.Release|Any CPU.ActiveCfg = Release|Any CPU
		{2FA50C3F-53DF-4A9F-BF37-3656A368A6E2}.Release|Any CPU.Build.0 = Release|Any CPU
		{2FA50C3F-53DF-4A9F-BF37-3656A368A6E2}.Release|x64.ActiveCfg = Release|Any CPU
		{2FA50C3F-53DF-4A9F-BF37-3656A368A6E2}.Release|x64.Build.0 = Release|Any CPU
		{2FA50C3F-53DF-4A9F-BF37-3656A368A6E2}.Release|x86.ActiveCfg = Release|Any CPU
		{2FA50C3F-53DF-4A9F-BF37-3656A368A6E2}.Release|x86.Build.0 = Release|Any CPU
		{EA618C51-78F3-4719-AAB2-B30E5C4DC327}.Debug|Any CPU.ActiveCfg = Debug|Any CPU
		{EA618C51-78F3-4719-AAB2-B30E5C4DC327}.Debug|Any CPU.Build.0 = Debug|Any CPU
		{EA618C51-78F3-4719-AAB2-B30E5C4DC327}.Debug|x64.ActiveCfg = Debug|Any CPU
		{EA618C51-78F3-4719-AAB2-B30E5C4DC327}.Debug|x64.Build.0 = Debug|Any CPU
		{EA618C51-78F3-4719-AAB2-B30E5C4DC327}.Debug|x86.ActiveCfg = Debug|Any CPU
		{EA618C51-78F3-4719-AAB2-B30E5C4DC327}.Debug|x86.Build.0 = Debug|Any CPU
		{EA618C51-78F3-4719-AAB2-B30E5C4DC327}.Release|Any CPU.ActiveCfg = Release|Any CPU
		{EA618C51-78F3-4719-AAB2-B30E5C4DC327}.Release|Any CPU.Build.0 = Release|Any CPU
		{EA618C51-78F3-4719-AAB2-B30E5C4DC327}.Release|x64.ActiveCfg = Release|Any CPU
		{EA618C51-78F3-4719-AAB2-B30E5C4DC327}.Release|x64.Build.0 = Release|Any CPU
		{EA618C51-78F3-4719-AAB2-B30E5C4DC327}.Release|x86.ActiveCfg = Release|Any CPU
		{EA618C51-78F3-4719-AAB2-B30E5C4DC327}.Release|x86.Build.0 = Release|Any CPU
		{FB8421B5-A3E1-439E-824E-B4FE7853588A}.Debug|Any CPU.ActiveCfg = Debug|Any CPU
		{FB8421B5-A3E1-439E-824E-B4FE7853588A}.Debug|Any CPU.Build.0 = Debug|Any CPU
		{FB8421B5-A3E1-439E-824E-B4FE7853588A}.Debug|x64.ActiveCfg = Debug|Any CPU
		{FB8421B5-A3E1-439E-824E-B4FE7853588A}.Debug|x64.Build.0 = Debug|Any CPU
		{FB8421B5-A3E1-439E-824E-B4FE7853588A}.Debug|x86.ActiveCfg = Debug|Any CPU
		{FB8421B5-A3E1-439E-824E-B4FE7853588A}.Debug|x86.Build.0 = Debug|Any CPU
		{FB8421B5-A3E1-439E-824E-B4FE7853588A}.Release|Any CPU.ActiveCfg = Release|Any CPU
		{FB8421B5-A3E1-439E-824E-B4FE7853588A}.Release|Any CPU.Build.0 = Release|Any CPU
		{FB8421B5-A3E1-439E-824E-B4FE7853588A}.Release|x64.ActiveCfg = Release|Any CPU
		{FB8421B5-A3E1-439E-824E-B4FE7853588A}.Release|x64.Build.0 = Release|Any CPU
		{FB8421B5-A3E1-439E-824E-B4FE7853588A}.Release|x86.ActiveCfg = Release|Any CPU
		{FB8421B5-A3E1-439E-824E-B4FE7853588A}.Release|x86.Build.0 = Release|Any CPU
		{E8A5E9DE-8E10-4073-8CE7-CF52D125FF67}.Debug|Any CPU.ActiveCfg = Debug|Any CPU
		{E8A5E9DE-8E10-4073-8CE7-CF52D125FF67}.Debug|Any CPU.Build.0 = Debug|Any CPU
		{E8A5E9DE-8E10-4073-8CE7-CF52D125FF67}.Debug|x64.ActiveCfg = Debug|Any CPU
		{E8A5E9DE-8E10-4073-8CE7-CF52D125FF67}.Debug|x64.Build.0 = Debug|Any CPU
		{E8A5E9DE-8E10-4073-8CE7-CF52D125FF67}.Debug|x86.ActiveCfg = Debug|Any CPU
		{E8A5E9DE-8E10-4073-8CE7-CF52D125FF67}.Debug|x86.Build.0 = Debug|Any CPU
		{E8A5E9DE-8E10-4073-8CE7-CF52D125FF67}.Release|Any CPU.ActiveCfg = Release|Any CPU
		{E8A5E9DE-8E10-4073-8CE7-CF52D125FF67}.Release|Any CPU.Build.0 = Release|Any CPU
		{E8A5E9DE-8E10-4073-8CE7-CF52D125FF67}.Release|x64.ActiveCfg = Release|Any CPU
		{E8A5E9DE-8E10-4073-8CE7-CF52D125FF67}.Release|x64.Build.0 = Release|Any CPU
		{E8A5E9DE-8E10-4073-8CE7-CF52D125FF67}.Release|x86.ActiveCfg = Release|Any CPU
		{E8A5E9DE-8E10-4073-8CE7-CF52D125FF67}.Release|x86.Build.0 = Release|Any CPU
		{1531F7D5-1E30-4FBF-B34B-B86BF1376F24}.Debug|Any CPU.ActiveCfg = Debug|Any CPU
		{1531F7D5-1E30-4FBF-B34B-B86BF1376F24}.Debug|Any CPU.Build.0 = Debug|Any CPU
		{1531F7D5-1E30-4FBF-B34B-B86BF1376F24}.Debug|x64.ActiveCfg = Debug|Any CPU
		{1531F7D5-1E30-4FBF-B34B-B86BF1376F24}.Debug|x64.Build.0 = Debug|Any CPU
		{1531F7D5-1E30-4FBF-B34B-B86BF1376F24}.Debug|x86.ActiveCfg = Debug|Any CPU
		{1531F7D5-1E30-4FBF-B34B-B86BF1376F24}.Debug|x86.Build.0 = Debug|Any CPU
		{1531F7D5-1E30-4FBF-B34B-B86BF1376F24}.Release|Any CPU.ActiveCfg = Release|Any CPU
		{1531F7D5-1E30-4FBF-B34B-B86BF1376F24}.Release|Any CPU.Build.0 = Release|Any CPU
		{1531F7D5-1E30-4FBF-B34B-B86BF1376F24}.Release|x64.ActiveCfg = Release|Any CPU
		{1531F7D5-1E30-4FBF-B34B-B86BF1376F24}.Release|x64.Build.0 = Release|Any CPU
		{1531F7D5-1E30-4FBF-B34B-B86BF1376F24}.Release|x86.ActiveCfg = Release|Any CPU
		{1531F7D5-1E30-4FBF-B34B-B86BF1376F24}.Release|x86.Build.0 = Release|Any CPU
		{916B1F9A-E792-4F0B-BDEB-A93AC20CEC2D}.Debug|Any CPU.ActiveCfg = Debug|Any CPU
		{916B1F9A-E792-4F0B-BDEB-A93AC20CEC2D}.Debug|Any CPU.Build.0 = Debug|Any CPU
		{916B1F9A-E792-4F0B-BDEB-A93AC20CEC2D}.Debug|x64.ActiveCfg = Debug|Any CPU
		{916B1F9A-E792-4F0B-BDEB-A93AC20CEC2D}.Debug|x64.Build.0 = Debug|Any CPU
		{916B1F9A-E792-4F0B-BDEB-A93AC20CEC2D}.Debug|x86.ActiveCfg = Debug|Any CPU
		{916B1F9A-E792-4F0B-BDEB-A93AC20CEC2D}.Debug|x86.Build.0 = Debug|Any CPU
		{916B1F9A-E792-4F0B-BDEB-A93AC20CEC2D}.Release|Any CPU.ActiveCfg = Release|Any CPU
		{916B1F9A-E792-4F0B-BDEB-A93AC20CEC2D}.Release|Any CPU.Build.0 = Release|Any CPU
		{916B1F9A-E792-4F0B-BDEB-A93AC20CEC2D}.Release|x64.ActiveCfg = Release|Any CPU
		{916B1F9A-E792-4F0B-BDEB-A93AC20CEC2D}.Release|x64.Build.0 = Release|Any CPU
		{916B1F9A-E792-4F0B-BDEB-A93AC20CEC2D}.Release|x86.ActiveCfg = Release|Any CPU
		{916B1F9A-E792-4F0B-BDEB-A93AC20CEC2D}.Release|x86.Build.0 = Release|Any CPU
	EndGlobalSection
	GlobalSection(SolutionProperties) = preSolution
		HideSolutionNode = FALSE
	EndGlobalSection
	GlobalSection(NestedProjects) = preSolution
		{FE360695-3F2B-1049-3887-35FBB5135923} = {827E0CD3-B72D-47B6-A68D-7590B98EB39B}
		{84F8C6FA-83FC-4A8A-A6B9-AB40954F2143} = {FE360695-3F2B-1049-3887-35FBB5135923}
		{9C6ABB59-AD1C-42A3-9AF9-1DD14A0C12C0} = {FE360695-3F2B-1049-3887-35FBB5135923}
		{53BC7359-3E60-4366-ABD0-8B48E6548A8F} = {FE360695-3F2B-1049-3887-35FBB5135923}
		{2FA50C3F-53DF-4A9F-BF37-3656A368A6E2} = {FE360695-3F2B-1049-3887-35FBB5135923}
		{EA618C51-78F3-4719-AAB2-B30E5C4DC327} = {FE360695-3F2B-1049-3887-35FBB5135923}
		{9D556B49-86D1-93A7-9596-FFAAB74EC556} = {0AB3BF05-4346-4AA6-1389-037BE0695223}
		{FB8421B5-A3E1-439E-824E-B4FE7853588A} = {9D556B49-86D1-93A7-9596-FFAAB74EC556}
		{E8A5E9DE-8E10-4073-8CE7-CF52D125FF67} = {9D556B49-86D1-93A7-9596-FFAAB74EC556}
		{28A6993C-471E-82FE-7D9E-AD3B1EC22BD9} = {0AB3BF05-4346-4AA6-1389-037BE0695223}
		{1531F7D5-1E30-4FBF-B34B-B86BF1376F24} = {28A6993C-471E-82FE-7D9E-AD3B1EC22BD9}
		{7796EA5D-F50E-401E-4957-DB33BD358F53} = {0AB3BF05-4346-4AA6-1389-037BE0695223}
		{916B1F9A-E792-4F0B-BDEB-A93AC20CEC2D} = {7796EA5D-F50E-401E-4957-DB33BD358F53}
	EndGlobalSection
EndGlobal
